
Microsoft Visual Studio Solution File, Format Version 12.00
# Visual Studio Version 16
VisualStudioVersion = 16.0.30804.86
MinimumVisualStudioVersion = 10.0.40219.1
Project("{FAE04EC0-301F-11D3-BF4B-00C04F79EFBC}") = "Stopwatch", "Stopwatch.csproj", "{38A05669-E405-4A95-AF62-93E50D4B9870}"
EndProject
Global
	GlobalSection(SolutionConfigurationPlatforms) = preSolution
		Debug|Any CPU = Debug|Any CPU
		Release|Any CPU = Release|Any CPU
	EndGlobalSection
	GlobalSection(ProjectConfigurationPlatforms) = postSolution
		{38A05669-E405-4A95-AF62-93E50D4B9870}.Debug|Any CPU.ActiveCfg = Debug|Any CPU
		{38A05669-E405-4A95-AF62-93E50D4B9870}.Debug|Any CPU.Build.0 = Debug|Any CPU
		{38A05669-E405-4A95-AF62-93E50D4B9870}.Release|Any CPU.ActiveCfg = Release|Any CPU
		{38A05669-E405-4A95-AF62-93E50D4B9870}.Release|Any CPU.Build.0 = Release|Any CPU
	EndGlobalSection
	GlobalSection(SolutionProperties) = preSolution
		HideSolutionNode = FALSE
	EndGlobalSection
	GlobalSection(ExtensibilityGlobals) = postSolution
		SolutionGuid = {02E913C4-BEDA-4542-9066-357BF09C7FEF}
	EndGlobalSection
EndGlobal
